{
  "name": "新建文件夹",
  "lockfileVersion": 2,
  "requires": true,
  "packages": {
    "": {
      "dependencies": {
        "distpicker": "^2.0.7"
      }
    },
    "node_modules/distpicker": {
      "version": "2.0.7",
      "resolved": "https://registry.npmmirror.com/distpicker/-/distpicker-2.0.7.tgz",
      "integrity": "sha512-moO4bkRW/VCYZdvurKfV2HJ4J1J5/c7O0aOVa6h476XRijV9/igJNC2x1orrp47kDIS/pphCCikNPzHax9++2Q==",
      "peerDependencies": {
        "jquery": ">=1.9.1"
      }
    },
    "node_modules/jquery": {
      "version": "3.6.0",
      "resolved": "https://registry.npmmirror.com/jquery/-/jquery-3.6.0.tgz",
      "integrity": "sha512-JVzAR/AjBvVt2BmYhxRCSYysDsPcssdmTFnzyLEts9qNwmjmu4JTAMYubEfwVOSwpQ1I1sKKFcxhZCI2buerfw==",
      "peer": true
    }
  },
  "dependencies": {
    "distpicker": {
      "version": "2.0.7",
      "resolved": "https://registry.npmmirror.com/distpicker/-/distpicker-2.0.7.tgz",
      "integrity": "sha512-moO4bkRW/VCYZdvurKfV2HJ4J1J5/c7O0aOVa6h476XRijV9/igJNC2x1orrp47kDIS/pphCCikNPzHax9++2Q==",
      "requires": {}
    },
    "jquery": {
      "version": "3.6.0",
      "resolved": "https://registry.npmmirror.com/jquery/-/jquery-3.6.0.tgz",
      "integrity": "sha512-JVzAR/AjBvVt2BmYhxRCSYysDsPcssdmTFnzyLEts9qNwmjmu4JTAMYubEfwVOSwpQ1I1sKKFcxhZCI2buerfw==",
      "peer": true
    }
  }
}
